// !$*UTF8*$!
{
	archiveVersion = 1;
	classes = {
	};
	objectVersion = 55;
	objects = {

/* Begin PBXBuildFile section */
		C334E26E273A85EB007ADC22 /* AppDelegate.swift in Sources */ = {isa = PBXBuildFile; fileRef = C334E26D273A85EB007ADC22 /* AppDelegate.swift */; };
		C334E270273A85EB007ADC22 /* SceneDelegate.swift in Sources */ = {isa = PBXBuildFile; fileRef = C334E26F273A85EB007ADC22 /* SceneDelegate.swift */; };
		C334E272273A85EB007ADC22 /* ViewController.swift in Sources */ = {isa = PBXBuildFile; fileRef = C334E271273A85EB007ADC22 /* ViewController.swift */; };
		C334E275273A85EB007ADC22 /* Main.storyboard in Resources */ = {isa = PBXBuildFile; fileRef = C334E273273A85EB007ADC22 /* Main.storyboard */; };
		C334E277273A85EC007ADC22 /* Assets.xcassets in Resources */ = {isa = PBXBuildFile; fileRef = C334E276273A85EC007ADC22 /* Assets.xcassets */; };
		C334E27A273A85EC007ADC22 /* LaunchScreen.storyboard in Resources */ = {isa = PBXBuildFile; fileRef = C334E278273A85EC007ADC22 /* LaunchScreen.storyboard */; };
		C334E285273A85EC007ADC22 /* walletsTests.swift in Sources */ = {isa = PBXBuildFile; fileRef = C334E284273A85EC007ADC22 /* walletsTests.swift */; };
		C334E28F273A85EC007ADC22 /* walletsUITests.swift in Sources */ = {isa = PBXBuildFile; fileRef = C334E28E273A85EC007ADC22 /* walletsUITests.swift */; };
		C334E291273A85EC007ADC22 /* walletsUITestsLaunchTests.swift in Sources */ = {isa = PBXBuildFile; fileRef = C334E290273A85EC007ADC22 /* walletsUITestsLaunchTests.swift */; };
/* End PBXBuildFile section */

/* Begin PBXContainerItemProxy section */
		C334E281273A85EC007ADC22 /* PBXContainerItemProxy */ = {
			isa = PBXContainerItemProxy;
			containerPortal = C334E262273A85EB007ADC22 /* Project object */;
			proxyType = 1;
			remoteGlobalIDString = C334E269273A85EB007ADC22;
			remoteInfo = wallets;
		};
		C334E28B273A85EC007ADC22 /* PBXContainerItemProxy */ = {
			isa = PBXContainerItemProxy;
			containerPortal = C334E262273A85EB007ADC22 /* Project object */;
			proxyType = 1;
			remoteGlobalIDString = C334E269273A85EB007ADC22;
			remoteInfo = wallets;
		};
/* End PBXContainerItemProxy section */

/* Begin PBXFileReference section */
		C334E26A273A85EB007ADC22 /* wallets.app */ = {isa = PBXFileReference; explicitFileType = wrapper.application; includeInIndex = 0; path = wallets.app; sourceTree = BUILT_PRODUCTS_DIR; };
		C334E26D273A85EB007ADC22 /* AppDelegate.swift */ = {isa = PBXFileReference; lastKnownFileType = sourcecode.swift; path = AppDelegate.swift; sourceTree = "<group>"; };
		C334E26F273A85EB007ADC22 /* SceneDelegate.swift */ = {isa = PBXFileReference; lastKnownFileType = sourcecode.swift; path = SceneDelegate.swift; sourceTree = "<group>"; };
		C334E271273A85EB007ADC22 /* ViewController.swift */ = {isa = PBXFileReference; lastKnownFileType = sourcecode.swift; path = ViewController.swift; sourceTree = "<group>"; };
		C334E274273A85EB007ADC22 /* Base */ = {isa = PBXFileReference; lastKnownFileType = file.storyboard; name = Base; path = Base.lproj/Main.storyboard; sourceTree = "<group>"; };
		C334E276273A85EC007ADC22 /* Assets.xcassets */ = {isa = PBXFileReference; lastKnownFileType = folder.assetcatalog; path = Assets.xcassets; sourceTree = "<group>"; };
		C334E279273A85EC007ADC22 /* Base */ = {isa = PBXFileReference; lastKnownFileType = file.storyboard; name = Base; path = Base.lproj/LaunchScreen.storyboard; sourceTree = "<group>"; };
		C334E27B273A85EC007ADC22 /* Info.plist */ = {isa = PBXFileReference; lastKnownFileType = text.plist.xml; path = Info.plist; sourceTree = "<group>"; };
		C334E280273A85EC007ADC22 /* walletsTests.xctest */ = {isa = PBXFileReference; explicitFileType = wrapper.cfbundle; includeInIndex = 0; path = walletsTests.xctest; sourceTree = BUILT_PRODUCTS_DIR; };
		C334E284273A85EC007ADC22 /* walletsTests.swift */ = {isa = PBXFileReference; lastKnownFileType = sourcecode.swift; path = walletsTests.swift; sourceTree = "<group>"; };
		C334E28A273A85EC007ADC22 /* walletsUITests.xctest */ = {isa = PBXFileReference; explicitFileType = wrapper.cfbundle; includeInIndex = 0; path = walletsUITests.xctest; sourceTree = BUILT_PRODUCTS_DIR; };
		C334E28E273A85EC007ADC22 /* walletsUITests.swift */ = {isa = PBXFileReference; lastKnownFileType = sourcecode.swift; path = walletsUITests.swift; sourceTree = "<group>"; };
		C334E290273A85EC007ADC22 /* walletsUITestsLaunchTests.swift */ = {isa = PBXFileReference; lastKnownFileType = sourcecode.swift; path = walletsUITestsLaunchTests.swift; sourceTree = "<group>"; };
/* End PBXFileReference section */

/* Begin PBXFrameworksBuildPhase section */
		C334E267273A85EB007ADC22 /* Frameworks */ = {
			isa = PBXFrameworksBuildPhase;
			buildActionMask = 2147483647;
			files = (
			);
			runOnlyForDeploymentPostprocessing = 0;
		};
		C334E27D273A85EC007ADC22 /* Frameworks */ = {
			isa = PBXFrameworksBuildPhase;
			buildActionMask = 2147483647;
			files = (
			);
			runOnlyForDeploymentPostprocessing = 0;
		};
		C334E287273A85EC007ADC22 /* Frameworks */ = {
			isa = PBXFrameworksBuildPhase;
			buildActionMask = 2147483647;
			files = (
			);
			runOnlyForDeploymentPostprocessing = 0;
		};
/* End PBXFrameworksBuildPhase section */

/* Begin PBXGroup section */
		C334E261273A85EB007ADC22 = {
			isa = PBXGroup;
			children = (
				C334E26C273A85EB007ADC22 /* wallets */,
				C334E283273A85EC007ADC22 /* walletsTests */,
				C334E28D273A85EC007ADC22 /* walletsUITests */,
				C334E26B273A85EB007ADC22 /* Products */,
			);
			sourceTree = "<group>";
		};
		C334E26B273A85EB007ADC22 /* Products */ = {
			isa = PBXGroup;
			children = (
				C334E26A273A85EB007ADC22 /* wallets.app */,
				C334E280273A85EC007ADC22 /* walletsTests.xctest */,
				C334E28A273A85EC007ADC22 /* walletsUITests.xctest */,
			);
			name = Products;
			sourceTree = "<group>";
		};
		C334E26C273A85EB007ADC22 /* wallets */ = {
			isa = PBXGroup;
			children = (
				C334E26D273A85EB007ADC22 /* AppDelegate.swift */,
				C334E26F273A85EB007ADC22 /* SceneDelegate.swift */,
				C334E271273A85EB007ADC22 /* ViewController.swift */,
				C334E273273A85EB007ADC22 /* Main.storyboard */,
				C334E276273A85EC007ADC22 /* Assets.xcassets */,
				C334E278273A85EC007ADC22 /* LaunchScreen.storyboard */,
				C334E27B273A85EC007ADC22 /* Info.plist */,
			);
			path = wallets;
			sourceTree = "<group>";
		};
		C334E283273A85EC007ADC22 /* walletsTests */ = {
			isa = PBXGroup;
			children = (
				C334E284273A85EC007ADC22 /* walletsTests.swift */,
			);
			path = walletsTests;
			sourceTree = "<group>";
		};
		C334E28D273A85EC007ADC22 /* walletsUITests */ = {
			isa = PBXGroup;
			children = (
				C334E28E273A85EC007ADC22 /* walletsUITests.swift */,
				C334E290273A85EC007ADC22 /* walletsUITestsLaunchTests.swift */,
			);
			path = walletsUITests;
			sourceTree = "<group>";
		};
/* End PBXGroup section */

/* Begin PBXNativeTarget section */
		C334E269273A85EB007ADC22 /* wallets */ = {
			isa = PBXNativeTarget;
			buildConfigurationList = C334E294273A85EC007ADC22 /* Build configuration list for PBXNativeTarget "wallets" */;
			buildPhases = (
				C334E266273A85EB007ADC22 /* Sources */,
				C334E267273A85EB007ADC22 /* Frameworks */,
				C334E268273A85EB007ADC22 /* Resources */,
			);
			buildRules = (
			);
			dependencies = (
			);
			name = wallets;
			productName = wallets;
			productReference = C334E26A273A85EB007ADC22 /* wallets.app */;
			productType = "com.apple.product-type.application";
		};
		C334E27F273A85EC007ADC22 /* walletsTests */ = {
			isa = PBXNativeTarget;
			buildConfigurationList = C334E297273A85EC007ADC22 /* Build configuration list for PBXNativeTarget "walletsTests" */;
			buildPhases = (
				C334E27C273A85EC007ADC22 /* Sources */,
				C334E27D273A85EC007ADC22 /* Frameworks */,
				C334E27E273A85EC007ADC22 /* Resources */,
			);
			buildRules = (
			);
			dependencies = (
				C334E282273A85EC007ADC22 /* PBXTargetDependency */,
			);
			name = walletsTests;
			productName = walletsTests;
			productReference = C334E280273A85EC007ADC22 /* walletsTests.xctest */;
			productType = "com.apple.product-type.bundle.unit-test";
		};
		C334E289273A85EC007ADC22 /* walletsUITests */ = {
			isa = PBXNativeTarget;
			buildConfigurationList = C334E29A273A85EC007ADC22 /* Build configuration list for PBXNativeTarget "walletsUITests" */;
			buildPhases = (
				C334E286273A85EC007ADC22 /* Sources */,
				C334E287273A85EC007ADC22 /* Frameworks */,
				C334E288273A85EC007ADC22 /* Resources */,
			);
			buildRules = (
			);
			dependencies = (
				C334E28C273A85EC007ADC22 /* PBXTargetDependency */,
			);
			name = walletsUITests;
			productName = walletsUITests;
			productReference = C334E28A273A85EC007ADC22 /* walletsUITests.xctest */;
			productType = "com.apple.product-type.bundle.ui-testing";
		};
/* End PBXNativeTarget section */

/* Begin PBXProject section */
		C334E262273A85EB007ADC22 /* Project object */ = {
			isa = PBXProject;
			attributes = {
				BuildIndependentTargetsInParallel = 1;
				LastSwiftUpdateCheck = 1310;
				LastUpgradeCheck = 1310;
				TargetAttributes = {
					C334E269273A85EB007ADC22 = {
						CreatedOnToolsVersion = 13.1;
					};
					C334E27F273A85EC007ADC22 = {
						CreatedOnToolsVersion = 13.1;
						TestTargetID = C334E269273A85EB007ADC22;
					};
					C334E289273A85EC007ADC22 = {
						CreatedOnToolsVersion = 13.1;
						TestTargetID = C334E269273A85EB007ADC22;
					};
				};
			};
			buildConfigurationList = C334E265273A85EB007ADC22 /* Build configuration list for PBXProject "wallets" */;
			compatibilityVersion = "Xcode 13.0";
			developmentRegion = en;
			hasScannedForEncodings = 0;
			knownRegions = (
				en,
				Base,
			);
			mainGroup = C334E261273A85EB007ADC22;
			productRefGroup = C334E26B273A85EB007ADC22 /* Products */;
			projectDirPath = "";
			projectRoot = "";
			targets = (
				C334E269273A85EB007ADC22 /* wallets */,
				C334E27F273A85EC007ADC22 /* walletsTests */,
				C334E289273A85EC007ADC22 /* walletsUITests */,
			);
		};
/* End PBXProject section */

/* Begin PBXResourcesBuildPhase section */
		C334E268273A85EB007ADC22 /* Resources */ = {
			isa = PBXResourcesBuildPhase;
			buildActionMask = 2147483647;
			files = (
				C334E27A273A85EC007ADC22 /* LaunchScreen.storyboard in Resources */,
				C334E277273A85EC007ADC22 /* Assets.xcassets in Resources */,
				C334E275273A85EB007ADC22 /* Main.storyboard in Resources */,
			);
			runOnlyForDeploymentPostprocessing = 0;
		};
		C334E27E273A85EC007ADC22 /* Resources */ = {
			isa = PBXResourcesBuildPhase;
			buildActionMask = 2147483647;
			files = (
			);
			runOnlyForDeploymentPostprocessing = 0;
		};
		C334E288273A85EC007ADC22 /* Resources */ = {
			isa = PBXResourcesBuildPhase;
			buildActionMask = 2147483647;
			files = (
			);
			runOnlyForDeploymentPostprocessing = 0;
		};
/* End PBXResourcesBuildPhase section */

/* Begin PBXSourcesBuildPhase section */
		C334E266273A85EB007ADC22 /* Sources */ = {
			isa = PBXSourcesBuildPhase;
			buildActionMask = 2147483647;
			files = (
				C334E272273A85EB007ADC22 /* ViewController.swift in Sources */,
				C334E26E273A85EB007ADC22 /* AppDelegate.swift in Sources */,
				C334E270273A85EB007ADC22 /* SceneDelegate.swift in Sources */,
			);
			runOnlyForDeploymentPostprocessing = 0;
		};
		C334E27C273A85EC007ADC22 /* Sources */ = {
			isa = PBXSourcesBuildPhase;
			buildActionMask = 2147483647;
			files = (
				C334E285273A85EC007ADC22 /* walletsTests.swift in Sources */,
			);
			runOnlyForDeploymentPostprocessing = 0;
		};
		C334E286273A85EC007ADC22 /* Sources */ = {
			isa = PBXSourcesBuildPhase;
			buildActionMask = 2147483647;
			files = (
				C334E28F273A85EC007ADC22 /* walletsUITests.swift in Sources */,
				C334E291273A85EC007ADC22 /* walletsUITestsLaunchTests.swift in Sources */,
			);
			runOnlyForDeploymentPostprocessing = 0;
		};
/* End PBXSourcesBuildPhase section */

/* Begin PBXTargetDependency section */
		C334E282273A85EC007ADC22 /* PBXTargetDependency */ = {
			isa = PBXTargetDependency;
			target = C334E269273A85EB007ADC22 /* wallets */;
			targetProxy = C334E281273A85EC007ADC22 /* PBXContainerItemProxy */;
		};
		C334E28C273A85EC007ADC22 /* PBXTargetDependency */ = {
			isa = PBXTargetDependency;
			target = C334E269273A85EB007ADC22 /* wallets */;
			targetProxy = C334E28B273A85EC007ADC22 /* PBXContainerItemProxy */;
		};
/* End PBXTargetDependency section */

/* Begin PBXVariantGroup section */
		C334E273273A85EB007ADC22 /* Main.storyboard */ = {
			isa = PBXVariantGroup;
			children = (
				C334E274273A85EB007ADC22 /* Base */,
			);
			name = Main.storyboard;
			sourceTree = "<group>";
		};
		C334E278273A85EC007ADC22 /* LaunchScreen.storyboard */ = {
			isa = PBXVariantGroup;
			children = (
				C334E279273A85EC007ADC22 /* Base */,
			);
			name = LaunchScreen.storyboard;
			sourceTree = "<group>";
		};
/* End PBXVariantGroup section */

/* Begin XCBuildConfiguration section */
		C334E292273A85EC007ADC22 /* Debug */ = {
			isa = XCBuildConfiguration;
			buildSettings = {
				ALWAYS_SEARCH_USER_PATHS = NO;
				CLANG_ANALYZER_NONNULL = YES;
				CLANG_ANALYZER_NUMBER_OBJECT_CONVERSION = YES_AGGRESSIVE;
				CLANG_CXX_LANGUAGE_STANDARD = "gnu++17";
				CLANG_CXX_LIBRARY = "libc++";
				CLANG_ENABLE_MODULES = YES;
				CLANG_ENABLE_OBJC_ARC = YES;
				CLANG_ENABLE_OBJC_WEAK = YES;
				CLANG_WARN_BLOCK_CAPTURE_AUTORELEASING = YES;
				CLANG_WARN_BOOL_CONVERSION = YES;
				CLANG_WARN_COMMA = YES;
				CLANG_WARN_CONSTANT_CONVERSION = YES;
				CLANG_WARN_DEPRECATED_OBJC_IMPLEMENTATIONS = YES;
				CLANG_WARN_DIRECT_OBJC_ISA_USAGE = YES_ERROR;
				CLANG_WARN_DOCUMENTATION_COMMENTS = YES;
				CLANG_WARN_EMPTY_BODY = YES;
				CLANG_WARN_ENUM_CONVERSION = YES;
				CLANG_WARN_INFINITE_RECURSION = YES;
				CLANG_WARN_INT_CONVERSION = YES;
				CLANG_WARN_NON_LITERAL_NULL_CONVERSION = YES;
				CLANG_WARN_OBJC_IMPLICIT_RETAIN_SELF = YES;
				CLANG_WARN_OBJC_LITERAL_CONVERSION = YES;
				CLANG_WARN_OBJC_ROOT_CLASS = YES_ERROR;
				CLANG_WARN_QUOTED_INCLUDE_IN_FRAMEWORK_HEADER = YES;
				CLANG_WARN_RANGE_LOOP_ANALYSIS = YES;
				CLANG_WARN_STRICT_PROTOTYPES = YES;
				CLANG_WARN_SUSPICIOUS_MOVE = YES;
				CLANG_WARN_UNGUARDED_AVAILABILITY = YES_AGGRESSIVE;
				CLANG_WARN_UNREACHABLE_CODE = YES;
				CLANG_WARN__DUPLICATE_METHOD_MATCH = YES;
				COPY_PHASE_STRIP = NO;
				DEBUG_INFORMATION_FORMAT = dwarf;
				ENABLE_STRICT_OBJC_MSGSEND = YES;
				ENABLE_TESTABILITY = YES;
				GCC_C_LANGUAGE_STANDARD = gnu11;
				GCC_DYNAMIC_NO_PIC = NO;
				GCC_NO_COMMON_BLOCKS = YES;
				GCC_OPTIMIZATION_LEVEL = 0;
				GCC_PREPROCESSOR_DEFINITIONS = (
					"DEBUG=1",
					"$(inherited)",
				);
				GCC_WARN_64_TO_32_BIT_CONVERSION = YES;
				GCC_WARN_ABOUT_RETURN_TYPE = YES_ERROR;
				GCC_WARN_UNDECLARED_SELECTOR = YES;
				GCC_WARN_UNINITIALIZED_AUTOS = YES_AGGRESSIVE;
				GCC_WARN_UNUSED_FUNCTION = YES;
				GCC_WARN_UNUSED_VARIABLE = YES;
				IPHONEOS_DEPLOYMENT_TARGET = 15.0;
				MTL_ENABLE_DEBUG_INFO = INCLUDE_SOURCE;
				MTL_FAST_MATH = YES;
				ONLY_ACTIVE_ARCH = YES;
				SDKROOT = iphoneos;
				SWIFT_ACTIVE_COMPILATION_CONDITIONS = DEBUG;
				SWIFT_OPTIMIZATION_LEVEL = "-Onone";
			};
			name = Debug;
		};
		C334E293273A85EC007ADC22 /* Release */ = {
			isa = XCBuildConfiguration;
			buildSettings = {
				ALWAYS_SEARCH_USER_PATHS = NO;
				CLANG_ANALYZER_NONNULL = YES;
				CLANG_ANALYZER_NUMBER_OBJECT_CONVERSION = YES_AGGRESSIVE;
				CLANG_CXX_LANGUAGE_STANDARD = "gnu++17";
				CLANG_CXX_LIBRARY = "libc++";
				CLANG_ENABLE_MODULES = YES;
				CLANG_ENABLE_OBJC_ARC = YES;
				CLANG_ENABLE_OBJC_WEAK = YES;
				CLANG_WARN_BLOCK_CAPTURE_AUTORELEASING = YES;
				CLANG_WARN_BOOL_CONVERSION = YES;
				CLANG_WARN_COMMA = YES;
				CLANG_WARN_CONSTANT_CONVERSION = YES;
				CLANG_WARN_DEPRECATED_OBJC_IMPLEMENTATIONS = YES;
				CLANG_WARN_DIRECT_OBJC_ISA_USAGE = YES_ERROR;
				CLANG_WARN_DOCUMENTATION_COMMENTS = YES;
				CLANG_WARN_EMPTY_BODY = YES;
				CLANG_WARN_ENUM_CONVERSION = YES;
				CLANG_WARN_INFINITE_RECURSION = YES;
				CLANG_WARN_INT_CONVERSION = YES;
				CLANG_WARN_NON_LITERAL_NULL_CONVERSION = YES;
				CLANG_WARN_OBJC_IMPLICIT_RETAIN_SELF = YES;
				CLANG_WARN_OBJC_LITERAL_CONVERSION = YES;
				CLANG_WARN_OBJC_ROOT_CLASS = YES_ERROR;
				CLANG_WARN_QUOTED_INCLUDE_IN_FRAMEWORK_HEADER = YES;
				CLANG_WARN_RANGE_LOOP_ANALYSIS = YES;
				CLANG_WARN_STRICT_PROTOTYPES = YES;
				CLANG_WARN_SUSPICIOUS_MOVE = YES;
				CLANG_WARN_UNGUARDED_AVAILABILITY = YES_AGGRESSIVE;
				CLANG_WARN_UNREACHABLE_CODE = YES;
				CLANG_WARN__DUPLICATE_METHOD_MATCH = YES;
				COPY_PHASE_STRIP = NO;
				DEBUG_INFORMATION_FORMAT = "dwarf-with-dsym";
				ENABLE_NS_ASSERTIONS = NO;
				ENABLE_STRICT_OBJC_MSGSEND = YES;
				GCC_C_LANGUAGE_STANDARD = gnu11;
				GCC_NO_COMMON_BLOCKS = YES;
				GCC_WARN_64_TO_32_BIT_CONVERSION = YES;
				GCC_WARN_ABOUT_RETURN_TYPE = YES_ERROR;
				GCC_WARN_UNDECLARED_SELECTOR = YES;
				GCC_WARN_UNINITIALIZED_AUTOS = YES_AGGRESSIVE;
				GCC_WARN_UNUSED_FUNCTION = YES;
				GCC_WARN_UNUSED_VARIABLE = YES;
				IPHONEOS_DEPLOYMENT_TARGET = 15.0;
				MTL_ENABLE_DEBUG_INFO = NO;
				MTL_FAST_MATH = YES;
				SDKROOT = iphoneos;
				SWIFT_COMPILATION_MODE = wholemodule;
				SWIFT_OPTIMIZATION_LEVEL = "-O";
				VALIDATE_PRODUCT = YES;
			};
			name = Release;
		};
		C334E295273A85EC007ADC22 /* Debug */ = {
			isa = XCBuildConfiguration;
			buildSettings = {
				ASSETCATALOG_COMPILER_APPICON_NAME = AppIcon;
				ASSETCATALOG_COMPILER_GLOBAL_ACCENT_COLOR_NAME = AccentColor;
				CODE_SIGN_STYLE = Automatic;
				CURRENT_PROJECT_VERSION = 1;
				DEVELOPMENT_TEAM = JTVJ6L7R86;
				GENERATE_INFOPLIST_FILE = YES;
				INFOPLIST_FILE = wallets/Info.plist;
				INFOPLIST_KEY_UIApplicationSupportsIndirectInputEvents = YES;
				INFOPLIST_KEY_UILaunchStoryboardName = LaunchScreen;
				INFOPLIST_KEY_UIMainStoryboardFile = Main;
				INFOPLIST_KEY_UISupportedInterfaceOrientations_iPad = "UIInterfaceOrientationPortrait UIInterfaceOrientationPortraitUpsideDown UIInterfaceOrientationLandscapeLeft UIInterfaceOrientationLandscapeRight";
				INFOPLIST_KEY_UISupportedInterfaceOrientations_iPhone = "UIInterfaceOrientationPortrait UIInterfaceOrientationLandscapeLeft UIInterfaceOrientationLandscapeRight";
				LD_RUNPATH_SEARCH_PATHS = (
					"$(inherited)",
					"@executable_path/Frameworks",
				);
				MARKETING_VERSION = 1.0;
				PRODUCT_BUNDLE_IDENTIFIER = one.redkin.wallets;
				PRODUCT_NAME = "$(TARGET_NAME)";
				SWIFT_EMIT_LOC_STRINGS = YES;
				SWIFT_VERSION = 5.0;
				TARGETED_DEVICE_FAMILY = "1,2";
			};
			name = Debug;
		};
		C334E296273A85EC007ADC22 /* Release */ = {
			isa = XCBuildConfiguration;
			buildSettings = {
				ASSETCATALOG_COMPILER_APPICON_NAME = AppIcon;
				ASSETCATALOG_COMPILER_GLOBAL_ACCENT_COLOR_NAME = AccentColor;
				CODE_SIGN_STYLE = Automatic;
				CURRENT_PROJECT_VERSION = 1;
				DEVELOPMENT_TEAM = JTVJ6L7R86;
				GENERATE_INFOPLIST_FILE = YES;
				INFOPLIST_FILE = wallets/Info.plist;
				INFOPLIST_KEY_UIApplicationSupportsIndirectInputEvents = YES;
				INFOPLIST_KEY_UILaunchStoryboardName = LaunchScreen;
				INFOPLIST_KEY_UIMainStoryboardFile = Main;
				INFOPLIST_KEY_UISupportedInterfaceOrientations_iPad = "UIInterfaceOrientationPortrait UIInterfaceOrientationPortraitUpsideDown UIInterfaceOrientationLandscapeLeft UIInterfaceOrientationLandscapeRight";
				INFOPLIST_KEY_UISupportedInterfaceOrientations_iPhone = "UIInterfaceOrientationPortrait UIInterfaceOrientationLandscapeLeft UIInterfaceOrientationLandscapeRight";
				LD_RUNPATH_SEARCH_PATHS = (
					"$(inherited)",
					"@executable_path/Frameworks",
				);
				MARKETING_VERSION = 1.0;
				PRODUCT_BUNDLE_IDENTIFIER = one.redkin.wallets;
				PRODUCT_NAME = "$(TARGET_NAME)";
				SWIFT_EMIT_LOC_STRINGS = YES;
				SWIFT_VERSION = 5.0;
				TARGETED_DEVICE_FAMILY = "1,2";
			};
			name = Release;
		};
		C334E298273A85EC007ADC22 /* Debug */ = {
			isa = XCBuildConfiguration;
			buildSettings = {
				ALWAYS_EMBED_SWIFT_STANDARD_LIBRARIES = YES;
				BUNDLE_LOADER = "$(TEST_HOST)";
				CODE_SIGN_STYLE = Automatic;
				CURRENT_PROJECT_VERSION = 1;
				DEVELOPMENT_TEAM = JTVJ6L7R86;
				GENERATE_INFOPLIST_FILE = YES;
				IPHONEOS_DEPLOYMENT_TARGET = 15.0;
				LD_RUNPATH_SEARCH_PATHS = (
					"$(inherited)",
					"@executable_path/Frameworks",
					"@loader_path/Frameworks",
				);
				MARKETING_VERSION = 1.0;
				PRODUCT_BUNDLE_IDENTIFIER = one.redkin.walletsTests;
				PRODUCT_NAME = "$(TARGET_NAME)";
				SWIFT_EMIT_LOC_STRINGS = NO;
				SWIFT_VERSION = 5.0;
				TARGETED_DEVICE_FAMILY = "1,2";
				TEST_HOST = "$(BUILT_PRODUCTS_DIR)/wallets.app/wallets";
			};
			name = Debug;
		};
		C334E299273A85EC007ADC22 /* Release */ = {
			isa = XCBuildConfiguration;
			buildSettings = {
				ALWAYS_EMBED_SWIFT_STANDARD_LIBRARIES = YES;
				BUNDLE_LOADER = "$(TEST_HOST)";
				CODE_SIGN_STYLE = Automatic;
				CURRENT_PROJECT_VERSION = 1;
				DEVELOPMENT_TEAM = JTVJ6L7R86;
				GENERATE_INFOPLIST_FILE = YES;
				IPHONEOS_DEPLOYMENT_TARGET = 15.0;
				LD_RUNPATH_SEARCH_PATHS = (
					"$(inherited)",
					"@executable_path/Frameworks",
					"@loader_path/Frameworks",
				);
				MARKETING_VERSION = 1.0;
				PRODUCT_BUNDLE_IDENTIFIER = one.redkin.walletsTests;
				PRODUCT_NAME = "$(TARGET_NAME)";
				SWIFT_EMIT_LOC_STRINGS = NO;
				SWIFT_VERSION = 5.0;
				TARGETED_DEVICE_FAMILY = "1,2";
				TEST_HOST = "$(BUILT_PRODUCTS_DIR)/wallets.app/wallets";
			};
			name = Release;
		};
		C334E29B273A85EC007ADC22 /* Debug */ = {
			isa = XCBuildConfiguration;
			buildSettings = {
				ALWAYS_EMBED_SWIFT_STANDARD_LIBRARIES = YES;
				CODE_SIGN_STYLE = Automatic;
				CURRENT_PROJECT_VERSION = 1;
				DEVELOPMENT_TEAM = JTVJ6L7R86;
				GENERATE_INFOPLIST_FILE = YES;
				LD_RUNPATH_SEARCH_PATHS = (
					"$(inherited)",
					"@executable_path/Frameworks",
					"@loader_path/Frameworks",
				);
				MARKETING_VERSION = 1.0;
				PRODUCT_BUNDLE_IDENTIFIER = one.redkin.walletsUITests;
				PRODUCT_NAME = "$(TARGET_NAME)";
				SWIFT_EMIT_LOC_STRINGS = NO;
				SWIFT_VERSION = 5.0;
				TARGETED_DEVICE_FAMILY = "1,2";
				TEST_TARGET_NAME = wallets;
			};
			name = Debug;
		};
		C334E29C273A85EC007ADC22 /* Release */ = {
			isa = XCBuildConfiguration;
			buildSettings = {
				ALWAYS_EMBED_SWIFT_STANDARD_LIBRARIES = YES;
				CODE_SIGN_STYLE = Automatic;
				CURRENT_PROJECT_VERSION = 1;
				DEVELOPMENT_TEAM = JTVJ6L7R86;
				GENERATE_INFOPLIST_FILE = YES;
				LD_RUNPATH_SEARCH_PATHS = (
					"$(inherited)",
					"@executable_path/Frameworks",
					"@loader_path/Frameworks",
				);
				MARKETING_VERSION = 1.0;
				PRODUCT_BUNDLE_IDENTIFIER = one.redkin.walletsUITests;
				PRODUCT_NAME = "$(TARGET_NAME)";
				SWIFT_EMIT_LOC_STRINGS = NO;
				SWIFT_VERSION = 5.0;
				TARGETED_DEVICE_FAMILY = "1,2";
				TEST_TARGET_NAME = wallets;
			};
			name = Release;
		};
/* End XCBuildConfiguration section */

/* Begin XCConfigurationList section */
		C334E265273A85EB007ADC22 /* Build configuration list for PBXProject "wallets" */ = {
			isa = XCConfigurationList;
			buildConfigurations = (
				C334E292273A85EC007ADC22 /* Debug */,
				C334E293273A85EC007ADC22 /* Release */,
			);
			defaultConfigurationIsVisible = 0;
			defaultConfigurationName = Release;
		};
		C334E294273A85EC007ADC22 /* Build configuration list for PBXNativeTarget "wallets" */ = {
			isa = XCConfigurationList;
			buildConfigurations = (
				C334E295273A85EC007ADC22 /* Debug */,
				C334E296273A85EC007ADC22 /* Release */,
			);
			defaultConfigurationIsVisible = 0;
			defaultConfigurationName = Release;
		};
		C334E297273A85EC007ADC22 /* Build configuration list for PBXNativeTarget "walletsTests" */ = {
			isa = XCConfigurationList;
			buildConfigurations = (
				C334E298273A85EC007ADC22 /* Debug */,
				C334E299273A85EC007ADC22 /* Release */,
			);
			defaultConfigurationIsVisible = 0;
			defaultConfigurationName = Release;
		};
		C334E29A273A85EC007ADC22 /* Build configuration list for PBXNativeTarget "walletsUITests" */ = {
			isa = XCConfigurationList;
			buildConfigurations = (
				C334E29B273A85EC007ADC22 /* Debug */,
				C334E29C273A85EC007ADC22 /* Release */,
			);
			defaultConfigurationIsVisible = 0;
			defaultConfigurationName = Release;
		};
/* End XCConfigurationList section */
	};
	rootObject = C334E262273A85EB007ADC22 /* Project object */;
}
